
Microsoft Visual Studio Solution File, Format Version 12.00
# Visual Studio Version 16
VisualStudioVersion = 16.0.31515.178
MinimumVisualStudioVersion = 10.0.40219.1
Project("{9A19103F-16F7-4668-BE54-9A1E7A4F7556}") = "FirstApp", "FirstApp.csproj", "{4E86F8C8-BAC5-4208-A564-F2592A83F8EF}"
EndProject
Project("{FAE04EC0-301F-11D3-BF4B-00C04F79EFBC}") = "FirstApp.Test", "..\FirstApp.Test\FirstApp.Test.csproj", "{C54D15CA-BE38-416F-9FEC-C3D7882B01AE}"
EndProject
Global
	GlobalSection(SolutionConfigurationPlatforms) = preSolution
		Debug|Any CPU = Debug|Any CPU
		Release|Any CPU = Release|Any CPU
	EndGlobalSection
	GlobalSection(ProjectConfigurationPlatforms) = postSolution
		{4E86F8C8-BAC5-4208-A564-F2592A83F8EF}.Debug|Any CPU.ActiveCfg = Debug|Any CPU
		{4E86F8C8-BAC5-4208-A564-F2592A83F8EF}.Debug|Any CPU.Build.0 = Debug|Any CPU
		{4E86F8C8-BAC5-4208-A564-F2592A83F8EF}.Release|Any CPU.ActiveCfg = Release|Any CPU
		{4E86F8C8-BAC5-4208-A564-F2592A83F8EF}.Release|Any CPU.Build.0 = Release|Any CPU
		{C54D15CA-BE38-416F-9FEC-C3D7882B01AE}.Debug|Any CPU.ActiveCfg = Debug|Any CPU
		{C54D15CA-BE38-416F-9FEC-C3D7882B01AE}.Debug|Any CPU.Build.0 = Debug|Any CPU
		{C54D15CA-BE38-416F-9FEC-C3D7882B01AE}.Release|Any CPU.ActiveCfg = Release|Any CPU
		{C54D15CA-BE38-416F-9FEC-C3D7882B01AE}.Release|Any CPU.Build.0 = Release|Any CPU
	EndGlobalSection
	GlobalSection(SolutionProperties) = preSolution
		HideSolutionNode = FALSE
	EndGlobalSection
	GlobalSection(ExtensibilityGlobals) = postSolution
		SolutionGuid = {49A48D6B-B349-418E-ADFC-D64841FE2D9E}
	EndGlobalSection
EndGlobal
